
Microsoft Visual Studio Solution File, Format Version 12.00
# Visual Studio 14
VisualStudioVersion = 14.0.22823.1
MinimumVisualStudioVersion = 10.0.40219.1
Project("{FAE04EC0-301F-11D3-BF4B-00C04F79EFBC}") = "Application", "Application\Application.csproj", "{276EF48B-C51F-4EF6-9FBD-B1F5B3BB8DCB}"
EndProject
Project("{FAE04EC0-301F-11D3-BF4B-00C04F79EFBC}") = "Mappy", "Mappy\Mappy.csproj", "{BD90ED96-9ADB-457D-8B37-C5BB3DA9698C}"
EndProject
Project("{00D1A9C2-B5F0-4AF3-8072-F6C62B433612}") = "Database", "Database\Database.sqlproj", "{AE27C5CA-663F-450E-8B07-F23CD06E31BF}"
EndProject
Global
	GlobalSection(SolutionConfigurationPlatforms) = preSolution
		Debug|Any CPU = Debug|Any CPU
		Release|Any CPU = Release|Any CPU
	EndGlobalSection
	GlobalSection(ProjectConfigurationPlatforms) = postSolution
		{276EF48B-C51F-4EF6-9FBD-B1F5B3BB8DCB}.Debug|Any CPU.ActiveCfg = Debug|Any CPU
		{276EF48B-C51F-4EF6-9FBD-B1F5B3BB8DCB}.Debug|Any CPU.Build.0 = Debug|Any CPU
		{276EF48B-C51F-4EF6-9FBD-B1F5B3BB8DCB}.Release|Any CPU.ActiveCfg = Release|Any CPU
		{276EF48B-C51F-4EF6-9FBD-B1F5B3BB8DCB}.Release|Any CPU.Build.0 = Release|Any CPU
		{BD90ED96-9ADB-457D-8B37-C5BB3DA9698C}.Debug|Any CPU.ActiveCfg = Debug|Any CPU
		{BD90ED96-9ADB-457D-8B37-C5BB3DA9698C}.Debug|Any CPU.Build.0 = Debug|Any CPU
		{BD90ED96-9ADB-457D-8B37-C5BB3DA9698C}.Release|Any CPU.ActiveCfg = Release|Any CPU
		{BD90ED96-9ADB-457D-8B37-C5BB3DA9698C}.Release|Any CPU.Build.0 = Release|Any CPU
		{AE27C5CA-663F-450E-8B07-F23CD06E31BF}.Debug|Any CPU.ActiveCfg = Debug|Any CPU
		{AE27C5CA-663F-450E-8B07-F23CD06E31BF}.Debug|Any CPU.Build.0 = Debug|Any CPU
		{AE27C5CA-663F-450E-8B07-F23CD06E31BF}.Debug|Any CPU.Deploy.0 = Debug|Any CPU
		{AE27C5CA-663F-450E-8B07-F23CD06E31BF}.Release|Any CPU.ActiveCfg = Release|Any CPU
		{AE27C5CA-663F-450E-8B07-F23CD06E31BF}.Release|Any CPU.Build.0 = Release|Any CPU
		{AE27C5CA-663F-450E-8B07-F23CD06E31BF}.Release|Any CPU.Deploy.0 = Release|Any CPU
	EndGlobalSection
	GlobalSection(SolutionProperties) = preSolution
		HideSolutionNode = FALSE
	EndGlobalSection
EndGlobal
